
Microsoft Visual Studio Solution File, Format Version 12.00
# Visual Studio 14
Project("{FAE04EC0-301F-11D3-BF4B-00C04F79EFBC}") = "PdfExport", "PdfExport\PdfExport.csproj", "{AB844B54-2FAB-41A4-B220-05D82DA41FB8}"
EndProject
Global
	GlobalSection(SolutionConfigurationPlatforms) = preSolution
		Debug|Any CPU = Debug|Any CPU
		Evaluation|Any CPU = Evaluation|Any CPU
		Minified|Any CPU = Minified|Any CPU
		Release|Any CPU = Release|Any CPU
		Standard|Any CPU = Standard|Any CPU
		StandardEvaluation|Any CPU = StandardEvaluation|Any CPU
		StandardMinified|Any CPU = StandardMinified|Any CPU
	EndGlobalSection
	GlobalSection(ProjectConfigurationPlatforms) = postSolution
		{AB844B54-2FAB-41A4-B220-05D82DA41FB8}.Debug|Any CPU.ActiveCfg = Debug|Any CPU
		{AB844B54-2FAB-41A4-B220-05D82DA41FB8}.Debug|Any CPU.Build.0 = Debug|Any CPU
		{AB844B54-2FAB-41A4-B220-05D82DA41FB8}.Evaluation|Any CPU.ActiveCfg = Release|Any CPU
		{AB844B54-2FAB-41A4-B220-05D82DA41FB8}.Evaluation|Any CPU.Build.0 = Release|Any CPU
		{AB844B54-2FAB-41A4-B220-05D82DA41FB8}.Minified|Any CPU.ActiveCfg = Release|Any CPU
		{AB844B54-2FAB-41A4-B220-05D82DA41FB8}.Minified|Any CPU.Build.0 = Release|Any CPU
		{AB844B54-2FAB-41A4-B220-05D82DA41FB8}.Release|Any CPU.ActiveCfg = Release|Any CPU
		{AB844B54-2FAB-41A4-B220-05D82DA41FB8}.Release|Any CPU.Build.0 = Release|Any CPU
		{AB844B54-2FAB-41A4-B220-05D82DA41FB8}.Standard|Any CPU.ActiveCfg = Release|Any CPU
		{AB844B54-2FAB-41A4-B220-05D82DA41FB8}.Standard|Any CPU.Build.0 = Release|Any CPU
		{AB844B54-2FAB-41A4-B220-05D82DA41FB8}.StandardEvaluation|Any CPU.ActiveCfg = Release|Any CPU
		{AB844B54-2FAB-41A4-B220-05D82DA41FB8}.StandardEvaluation|Any CPU.Build.0 = Release|Any CPU
		{AB844B54-2FAB-41A4-B220-05D82DA41FB8}.StandardMinified|Any CPU.ActiveCfg = Release|Any CPU
		{AB844B54-2FAB-41A4-B220-05D82DA41FB8}.StandardMinified|Any CPU.Build.0 = Release|Any CPU
	EndGlobalSection
	GlobalSection(SolutionProperties) = preSolution
		HideSolutionNode = FALSE
	EndGlobalSection
EndGlobal
