
Microsoft Visual Studio Solution File, Format Version 12.00
# Visual Studio 14
Project("{FAE04EC0-301F-11D3-BF4B-00C04F79EFBC}") = "FlexChartMultiSelect", "FlexChartMultiSelect\FlexChartMultiSelect.csproj", "{444BA26A-B5B8-4E42-B02C-B6A877009B3D}"
EndProject
Global
	GlobalSection(SolutionConfigurationPlatforms) = preSolution
		Debug|Any CPU = Debug|Any CPU
		Evaluation|Any CPU = Evaluation|Any CPU
		Minified|Any CPU = Minified|Any CPU
		Release|Any CPU = Release|Any CPU
		Standard|Any CPU = Standard|Any CPU
		StandardEvaluation|Any CPU = StandardEvaluation|Any CPU
		StandardMinified|Any CPU = StandardMinified|Any CPU
	EndGlobalSection
	GlobalSection(ProjectConfigurationPlatforms) = postSolution
		{444BA26A-B5B8-4E42-B02C-B6A877009B3D}.Debug|Any CPU.ActiveCfg = Debug|Any CPU
		{444BA26A-B5B8-4E42-B02C-B6A877009B3D}.Debug|Any CPU.Build.0 = Debug|Any CPU
		{444BA26A-B5B8-4E42-B02C-B6A877009B3D}.Evaluation|Any CPU.ActiveCfg = Debug|Any CPU
		{444BA26A-B5B8-4E42-B02C-B6A877009B3D}.Evaluation|Any CPU.Build.0 = Debug|Any CPU
		{444BA26A-B5B8-4E42-B02C-B6A877009B3D}.Minified|Any CPU.ActiveCfg = Debug|Any CPU
		{444BA26A-B5B8-4E42-B02C-B6A877009B3D}.Minified|Any CPU.Build.0 = Debug|Any CPU
		{444BA26A-B5B8-4E42-B02C-B6A877009B3D}.Release|Any CPU.ActiveCfg = Release|Any CPU
		{444BA26A-B5B8-4E42-B02C-B6A877009B3D}.Release|Any CPU.Build.0 = Release|Any CPU
		{444BA26A-B5B8-4E42-B02C-B6A877009B3D}.Standard|Any CPU.ActiveCfg = Debug|Any CPU
		{444BA26A-B5B8-4E42-B02C-B6A877009B3D}.Standard|Any CPU.Build.0 = Debug|Any CPU
		{444BA26A-B5B8-4E42-B02C-B6A877009B3D}.StandardEvaluation|Any CPU.ActiveCfg = Debug|Any CPU
		{444BA26A-B5B8-4E42-B02C-B6A877009B3D}.StandardEvaluation|Any CPU.Build.0 = Debug|Any CPU
		{444BA26A-B5B8-4E42-B02C-B6A877009B3D}.StandardMinified|Any CPU.ActiveCfg = Debug|Any CPU
		{444BA26A-B5B8-4E42-B02C-B6A877009B3D}.StandardMinified|Any CPU.Build.0 = Debug|Any CPU
	EndGlobalSection
	GlobalSection(SolutionProperties) = preSolution
		HideSolutionNode = FALSE
	EndGlobalSection
EndGlobal
