
Microsoft Visual Studio Solution File, Format Version 12.00
# Visual Studio 14
Project("{FAE04EC0-301F-11D3-BF4B-00C04F79EFBC}") = "ChartScaling", "ChartScaling\ChartScaling.csproj", "{608E3DAD-63CB-4D52-9606-8DCA5DEE3AB7}"
EndProject
Global
	GlobalSection(SolutionConfigurationPlatforms) = preSolution
		Debug|Any CPU = Debug|Any CPU
		Evaluation|Any CPU = Evaluation|Any CPU
		Minified|Any CPU = Minified|Any CPU
		Release|Any CPU = Release|Any CPU
		Standard|Any CPU = Standard|Any CPU
		StandardEvaluation|Any CPU = StandardEvaluation|Any CPU
		StandardMinified|Any CPU = StandardMinified|Any CPU
	EndGlobalSection
	GlobalSection(ProjectConfigurationPlatforms) = postSolution
		{608E3DAD-63CB-4D52-9606-8DCA5DEE3AB7}.Debug|Any CPU.ActiveCfg = Debug|Any CPU
		{608E3DAD-63CB-4D52-9606-8DCA5DEE3AB7}.Debug|Any CPU.Build.0 = Debug|Any CPU
		{608E3DAD-63CB-4D52-9606-8DCA5DEE3AB7}.Evaluation|Any CPU.ActiveCfg = Debug|Any CPU
		{608E3DAD-63CB-4D52-9606-8DCA5DEE3AB7}.Evaluation|Any CPU.Build.0 = Debug|Any CPU
		{608E3DAD-63CB-4D52-9606-8DCA5DEE3AB7}.Minified|Any CPU.ActiveCfg = Debug|Any CPU
		{608E3DAD-63CB-4D52-9606-8DCA5DEE3AB7}.Minified|Any CPU.Build.0 = Debug|Any CPU
		{608E3DAD-63CB-4D52-9606-8DCA5DEE3AB7}.Release|Any CPU.ActiveCfg = Release|Any CPU
		{608E3DAD-63CB-4D52-9606-8DCA5DEE3AB7}.Release|Any CPU.Build.0 = Release|Any CPU
		{608E3DAD-63CB-4D52-9606-8DCA5DEE3AB7}.Standard|Any CPU.ActiveCfg = Debug|Any CPU
		{608E3DAD-63CB-4D52-9606-8DCA5DEE3AB7}.Standard|Any CPU.Build.0 = Debug|Any CPU
		{608E3DAD-63CB-4D52-9606-8DCA5DEE3AB7}.StandardEvaluation|Any CPU.ActiveCfg = Debug|Any CPU
		{608E3DAD-63CB-4D52-9606-8DCA5DEE3AB7}.StandardEvaluation|Any CPU.Build.0 = Debug|Any CPU
		{608E3DAD-63CB-4D52-9606-8DCA5DEE3AB7}.StandardMinified|Any CPU.ActiveCfg = Debug|Any CPU
		{608E3DAD-63CB-4D52-9606-8DCA5DEE3AB7}.StandardMinified|Any CPU.Build.0 = Debug|Any CPU
	EndGlobalSection
	GlobalSection(SolutionProperties) = preSolution
		HideSolutionNode = FALSE
	EndGlobalSection
EndGlobal
